// !$*UTF8*$!
{
	archiveVersion = 1;
	classes = {
	};
	objectVersion = 56;
	objects = {

/* Begin PBXBuildFile section */
		D07F35D52ACE054000F73A1F /* PreferenceKeyBootcamp.swift in Sources */ = {isa = PBXBuildFile; fileRef = D07F35D42ACE054000F73A1F /* PreferenceKeyBootcamp.swift */; };
		D07F35D82ACE145700F73A1F /* GeometryPreferenceKeyBootcamp.swift in Sources */ = {isa = PBXBuildFile; fileRef = D07F35D72ACE145700F73A1F /* GeometryPreferenceKeyBootcamp.swift */; };
		D07F35DA2ACE187100F73A1F /* ScrollViewOffsetPreferenceKeyBootcamp.swift in Sources */ = {isa = PBXBuildFile; fileRef = D07F35D92ACE187100F73A1F /* ScrollViewOffsetPreferenceKeyBootcamp.swift */; };
		D08477742AC0E63600F4C0F2 /* AnimationDataBootcamp.swift in Sources */ = {isa = PBXBuildFile; fileRef = D08477732AC0E63600F4C0F2 /* AnimationDataBootcamp.swift */; };
		D09443502AD25260000D2602 /* CustomTabBarContainerView.swift in Sources */ = {isa = PBXBuildFile; fileRef = D094434F2AD25260000D2602 /* CustomTabBarContainerView.swift */; };
		D09443522AD255EF000D2602 /* TabBarItemsPreferenceKey.swift in Sources */ = {isa = PBXBuildFile; fileRef = D09443512AD255EF000D2602 /* TabBarItemsPreferenceKey.swift */; };
		D09443542AD25949000D2602 /* TabBarItem.swift in Sources */ = {isa = PBXBuildFile; fileRef = D09443532AD25949000D2602 /* TabBarItem.swift */; };
		D0A72DA62ABFBED000DAD8E9 /* MatchedGeometryEffectBootcamp.swift in Sources */ = {isa = PBXBuildFile; fileRef = D0A72DA52ABFBED000DAD8E9 /* MatchedGeometryEffectBootcamp.swift */; };
		D0A72DA82ABFC6A500DAD8E9 /* CustomShapesBootcamp.swift in Sources */ = {isa = PBXBuildFile; fileRef = D0A72DA72ABFC6A500DAD8E9 /* CustomShapesBootcamp.swift */; };
		D0A72DAA2ABFDA2C00DAD8E9 /* CustomCurvesBootcamp.swift in Sources */ = {isa = PBXBuildFile; fileRef = D0A72DA92ABFDA2C00DAD8E9 /* CustomCurvesBootcamp.swift */; };
		D0B0E5C82AC3C03500AB98E6 /* GenericsBootcamp.swift in Sources */ = {isa = PBXBuildFile; fileRef = D0B0E5C72AC3C03500AB98E6 /* GenericsBootcamp.swift */; };
		D0EC934B2ACA81EF00471DC0 /* ViewBuilderBootcamp.swift in Sources */ = {isa = PBXBuildFile; fileRef = D0EC934A2ACA81EF00471DC0 /* ViewBuilderBootcamp.swift */; };
		D0F4BDA02AB2627A00A99978 /* SwiftfulThinkingAdvancedApp.swift in Sources */ = {isa = PBXBuildFile; fileRef = D0F4BD9F2AB2627A00A99978 /* SwiftfulThinkingAdvancedApp.swift */; };
		D0F4BDA42AB2627A00A99978 /* Assets.xcassets in Resources */ = {isa = PBXBuildFile; fileRef = D0F4BDA32AB2627A00A99978 /* Assets.xcassets */; };
		D0F4BDA72AB2627A00A99978 /* Preview Assets.xcassets in Resources */ = {isa = PBXBuildFile; fileRef = D0F4BDA62AB2627A00A99978 /* Preview Assets.xcassets */; };
		D0F4BDAE2AB268AE00A99978 /* ViewModifierBootcamp.swift in Sources */ = {isa = PBXBuildFile; fileRef = D0F4BDAD2AB268AE00A99978 /* ViewModifierBootcamp.swift */; };
		D0F4BDB02AB26E9100A99978 /* ButtonStyleBootcamp.swift in Sources */ = {isa = PBXBuildFile; fileRef = D0F4BDAF2AB26E9100A99978 /* ButtonStyleBootcamp.swift */; };
		D0F4BDB22AB28E0300A99978 /* AnyTransitionBootcamp.swift in Sources */ = {isa = PBXBuildFile; fileRef = D0F4BDB12AB28E0300A99978 /* AnyTransitionBootcamp.swift */; };
		D0F7D2BC2AD24CB20039AE7B /* AppTabBarView.swift in Sources */ = {isa = PBXBuildFile; fileRef = D0F7D2BB2AD24CB20039AE7B /* AppTabBarView.swift */; };
		D0F7D2BF2AD24DB40039AE7B /* CustomTabBarView.swift in Sources */ = {isa = PBXBuildFile; fileRef = D0F7D2BE2AD24DB40039AE7B /* CustomTabBarView.swift */; };
/* End PBXBuildFile section */

/* Begin PBXFileReference section */
		D07F35D42ACE054000F73A1F /* PreferenceKeyBootcamp.swift */ = {isa = PBXFileReference; lastKnownFileType = sourcecode.swift; path = PreferenceKeyBootcamp.swift; sourceTree = "<group>"; };
		D07F35D72ACE145700F73A1F /* GeometryPreferenceKeyBootcamp.swift */ = {isa = PBXFileReference; lastKnownFileType = sourcecode.swift; path = GeometryPreferenceKeyBootcamp.swift; sourceTree = "<group>"; };
		D07F35D92ACE187100F73A1F /* ScrollViewOffsetPreferenceKeyBootcamp.swift */ = {isa = PBXFileReference; lastKnownFileType = sourcecode.swift; path = ScrollViewOffsetPreferenceKeyBootcamp.swift; sourceTree = "<group>"; };
		D08477732AC0E63600F4C0F2 /* AnimationDataBootcamp.swift */ = {isa = PBXFileReference; lastKnownFileType = sourcecode.swift; path = AnimationDataBootcamp.swift; sourceTree = "<group>"; };
		D094434F2AD25260000D2602 /* CustomTabBarContainerView.swift */ = {isa = PBXFileReference; lastKnownFileType = sourcecode.swift; path = CustomTabBarContainerView.swift; sourceTree = "<group>"; };
		D09443512AD255EF000D2602 /* TabBarItemsPreferenceKey.swift */ = {isa = PBXFileReference; lastKnownFileType = sourcecode.swift; path = TabBarItemsPreferenceKey.swift; sourceTree = "<group>"; };
		D09443532AD25949000D2602 /* TabBarItem.swift */ = {isa = PBXFileReference; lastKnownFileType = sourcecode.swift; path = TabBarItem.swift; sourceTree = "<group>"; };
		D0A72DA52ABFBED000DAD8E9 /* MatchedGeometryEffectBootcamp.swift */ = {isa = PBXFileReference; lastKnownFileType = sourcecode.swift; path = MatchedGeometryEffectBootcamp.swift; sourceTree = "<group>"; };
		D0A72DA72ABFC6A500DAD8E9 /* CustomShapesBootcamp.swift */ = {isa = PBXFileReference; lastKnownFileType = sourcecode.swift; path = CustomShapesBootcamp.swift; sourceTree = "<group>"; };
		D0A72DA92ABFDA2C00DAD8E9 /* CustomCurvesBootcamp.swift */ = {isa = PBXFileReference; lastKnownFileType = sourcecode.swift; path = CustomCurvesBootcamp.swift; sourceTree = "<group>"; };
		D0B0E5C72AC3C03500AB98E6 /* GenericsBootcamp.swift */ = {isa = PBXFileReference; lastKnownFileType = sourcecode.swift; path = GenericsBootcamp.swift; sourceTree = "<group>"; };
		D0EC934A2ACA81EF00471DC0 /* ViewBuilderBootcamp.swift */ = {isa = PBXFileReference; lastKnownFileType = sourcecode.swift; path = ViewBuilderBootcamp.swift; sourceTree = "<group>"; };
		D0F4BD9C2AB2627A00A99978 /* SwiftfulThinkingAdvanced.app */ = {isa = PBXFileReference; explicitFileType = wrapper.application; includeInIndex = 0; path = SwiftfulThinkingAdvanced.app; sourceTree = BUILT_PRODUCTS_DIR; };
		D0F4BD9F2AB2627A00A99978 /* SwiftfulThinkingAdvancedApp.swift */ = {isa = PBXFileReference; lastKnownFileType = sourcecode.swift; path = SwiftfulThinkingAdvancedApp.swift; sourceTree = "<group>"; };
		D0F4BDA32AB2627A00A99978 /* Assets.xcassets */ = {isa = PBXFileReference; lastKnownFileType = folder.assetcatalog; path = Assets.xcassets; sourceTree = "<group>"; };
		D0F4BDA62AB2627A00A99978 /* Preview Assets.xcassets */ = {isa = PBXFileReference; lastKnownFileType = folder.assetcatalog; path = "Preview Assets.xcassets"; sourceTree = "<group>"; };
		D0F4BDAD2AB268AE00A99978 /* ViewModifierBootcamp.swift */ = {isa = PBXFileReference; lastKnownFileType = sourcecode.swift; path = ViewModifierBootcamp.swift; sourceTree = "<group>"; };
		D0F4BDAF2AB26E9100A99978 /* ButtonStyleBootcamp.swift */ = {isa = PBXFileReference; lastKnownFileType = sourcecode.swift; path = ButtonStyleBootcamp.swift; sourceTree = "<group>"; };
		D0F4BDB12AB28E0300A99978 /* AnyTransitionBootcamp.swift */ = {isa = PBXFileReference; lastKnownFileType = sourcecode.swift; path = AnyTransitionBootcamp.swift; sourceTree = "<group>"; };
		D0F7D2BB2AD24CB20039AE7B /* AppTabBarView.swift */ = {isa = PBXFileReference; lastKnownFileType = sourcecode.swift; path = AppTabBarView.swift; sourceTree = "<group>"; };
		D0F7D2BE2AD24DB40039AE7B /* CustomTabBarView.swift */ = {isa = PBXFileReference; lastKnownFileType = sourcecode.swift; path = CustomTabBarView.swift; sourceTree = "<group>"; };
/* End PBXFileReference section */

/* Begin PBXFrameworksBuildPhase section */
		D0F4BD992AB2627A00A99978 /* Frameworks */ = {
			isa = PBXFrameworksBuildPhase;
			buildActionMask = 2147483647;
			files = (
			);
			runOnlyForDeploymentPostprocessing = 0;
		};
/* End PBXFrameworksBuildPhase section */

/* Begin PBXGroup section */
		D07F35D62ACE143B00F73A1F /* PreferenceKeyBootcamp */ = {
			isa = PBXGroup;
			children = (
				D07F35D42ACE054000F73A1F /* PreferenceKeyBootcamp.swift */,
				D07F35D72ACE145700F73A1F /* GeometryPreferenceKeyBootcamp.swift */,
				D07F35D92ACE187100F73A1F /* ScrollViewOffsetPreferenceKeyBootcamp.swift */,
			);
			path = PreferenceKeyBootcamp;
			sourceTree = "<group>";
		};
		D0F4BD932AB2627A00A99978 = {
			isa = PBXGroup;
			children = (
				D0F4BD9E2AB2627A00A99978 /* SwiftfulThinkingAdvanced */,
				D0F4BD9D2AB2627A00A99978 /* Products */,
			);
			sourceTree = "<group>";
		};
		D0F4BD9D2AB2627A00A99978 /* Products */ = {
			isa = PBXGroup;
			children = (
				D0F4BD9C2AB2627A00A99978 /* SwiftfulThinkingAdvanced.app */,
			);
			name = Products;
			sourceTree = "<group>";
		};
		D0F4BD9E2AB2627A00A99978 /* SwiftfulThinkingAdvanced */ = {
			isa = PBXGroup;
			children = (
				D0F4BD9F2AB2627A00A99978 /* SwiftfulThinkingAdvancedApp.swift */,
				D0F4BDAD2AB268AE00A99978 /* ViewModifierBootcamp.swift */,
				D0F4BDAF2AB26E9100A99978 /* ButtonStyleBootcamp.swift */,
				D0F4BDB12AB28E0300A99978 /* AnyTransitionBootcamp.swift */,
				D0A72DA52ABFBED000DAD8E9 /* MatchedGeometryEffectBootcamp.swift */,
				D0A72DA72ABFC6A500DAD8E9 /* CustomShapesBootcamp.swift */,
				D0A72DA92ABFDA2C00DAD8E9 /* CustomCurvesBootcamp.swift */,
				D08477732AC0E63600F4C0F2 /* AnimationDataBootcamp.swift */,
				D0B0E5C72AC3C03500AB98E6 /* GenericsBootcamp.swift */,
				D0EC934A2ACA81EF00471DC0 /* ViewBuilderBootcamp.swift */,
				D07F35D62ACE143B00F73A1F /* PreferenceKeyBootcamp */,
				D0F7D2BA2AD24C8F0039AE7B /* CustomTabBar */,
				D0F4BDA32AB2627A00A99978 /* Assets.xcassets */,
				D0F4BDA52AB2627A00A99978 /* Preview Content */,
			);
			path = SwiftfulThinkingAdvanced;
			sourceTree = "<group>";
		};
		D0F4BDA52AB2627A00A99978 /* Preview Content */ = {
			isa = PBXGroup;
			children = (
				D0F4BDA62AB2627A00A99978 /* Preview Assets.xcassets */,
			);
			path = "Preview Content";
			sourceTree = "<group>";
		};
		D0F7D2BA2AD24C8F0039AE7B /* CustomTabBar */ = {
			isa = PBXGroup;
			children = (
				D0F7D2BB2AD24CB20039AE7B /* AppTabBarView.swift */,
				D0F7D2BE2AD24DB40039AE7B /* CustomTabBarView.swift */,
				D094434F2AD25260000D2602 /* CustomTabBarContainerView.swift */,
				D09443512AD255EF000D2602 /* TabBarItemsPreferenceKey.swift */,
				D09443532AD25949000D2602 /* TabBarItem.swift */,
			);
			path = CustomTabBar;
			sourceTree = "<group>";
		};
/* End PBXGroup section */

/* Begin PBXNativeTarget section */
		D0F4BD9B2AB2627A00A99978 /* SwiftfulThinkingAdvanced */ = {
			isa = PBXNativeTarget;
			buildConfigurationList = D0F4BDAA2AB2627A00A99978 /* Build configuration list for PBXNativeTarget "SwiftfulThinkingAdvanced" */;
			buildPhases = (
				D0F4BD982AB2627A00A99978 /* Sources */,
				D0F4BD992AB2627A00A99978 /* Frameworks */,
				D0F4BD9A2AB2627A00A99978 /* Resources */,
			);
			buildRules = (
			);
			dependencies = (
			);
			name = SwiftfulThinkingAdvanced;
			productName = SwiftfulThinkingAdvanced;
			productReference = D0F4BD9C2AB2627A00A99978 /* SwiftfulThinkingAdvanced.app */;
			productType = "com.apple.product-type.application";
		};
/* End PBXNativeTarget section */

/* Begin PBXProject section */
		D0F4BD942AB2627A00A99978 /* Project object */ = {
			isa = PBXProject;
			attributes = {
				BuildIndependentTargetsInParallel = 1;
				LastSwiftUpdateCheck = 1430;
				LastUpgradeCheck = 1430;
				TargetAttributes = {
					D0F4BD9B2AB2627A00A99978 = {
						CreatedOnToolsVersion = 14.3.1;
					};
				};
			};
			buildConfigurationList = D0F4BD972AB2627A00A99978 /* Build configuration list for PBXProject "SwiftfulThinkingAdvanced" */;
			compatibilityVersion = "Xcode 14.0";
			developmentRegion = en;
			hasScannedForEncodings = 0;
			knownRegions = (
				en,
				Base,
			);
			mainGroup = D0F4BD932AB2627A00A99978;
			productRefGroup = D0F4BD9D2AB2627A00A99978 /* Products */;
			projectDirPath = "";
			projectRoot = "";
			targets = (
				D0F4BD9B2AB2627A00A99978 /* SwiftfulThinkingAdvanced */,
			);
		};
/* End PBXProject section */

/* Begin PBXResourcesBuildPhase section */
		D0F4BD9A2AB2627A00A99978 /* Resources */ = {
			isa = PBXResourcesBuildPhase;
			buildActionMask = 2147483647;
			files = (
				D0F4BDA72AB2627A00A99978 /* Preview Assets.xcassets in Resources */,
				D0F4BDA42AB2627A00A99978 /* Assets.xcassets in Resources */,
			);
			runOnlyForDeploymentPostprocessing = 0;
		};
/* End PBXResourcesBuildPhase section */

/* Begin PBXSourcesBuildPhase section */
		D0F4BD982AB2627A00A99978 /* Sources */ = {
			isa = PBXSourcesBuildPhase;
			buildActionMask = 2147483647;
			files = (
				D0F4BDB02AB26E9100A99978 /* ButtonStyleBootcamp.swift in Sources */,
				D0F4BDAE2AB268AE00A99978 /* ViewModifierBootcamp.swift in Sources */,
				D0F7D2BC2AD24CB20039AE7B /* AppTabBarView.swift in Sources */,
				D0F7D2BF2AD24DB40039AE7B /* CustomTabBarView.swift in Sources */,
				D0F4BDB22AB28E0300A99978 /* AnyTransitionBootcamp.swift in Sources */,
				D0F4BDA02AB2627A00A99978 /* SwiftfulThinkingAdvancedApp.swift in Sources */,
				D0A72DA62ABFBED000DAD8E9 /* MatchedGeometryEffectBootcamp.swift in Sources */,
				D0EC934B2ACA81EF00471DC0 /* ViewBuilderBootcamp.swift in Sources */,
				D0B0E5C82AC3C03500AB98E6 /* GenericsBootcamp.swift in Sources */,
				D07F35D82ACE145700F73A1F /* GeometryPreferenceKeyBootcamp.swift in Sources */,
				D08477742AC0E63600F4C0F2 /* AnimationDataBootcamp.swift in Sources */,
				D0A72DA82ABFC6A500DAD8E9 /* CustomShapesBootcamp.swift in Sources */,
				D09443542AD25949000D2602 /* TabBarItem.swift in Sources */,
				D09443502AD25260000D2602 /* CustomTabBarContainerView.swift in Sources */,
				D07F35D52ACE054000F73A1F /* PreferenceKeyBootcamp.swift in Sources */,
				D09443522AD255EF000D2602 /* TabBarItemsPreferenceKey.swift in Sources */,
				D07F35DA2ACE187100F73A1F /* ScrollViewOffsetPreferenceKeyBootcamp.swift in Sources */,
				D0A72DAA2ABFDA2C00DAD8E9 /* CustomCurvesBootcamp.swift in Sources */,
			);
			runOnlyForDeploymentPostprocessing = 0;
		};
/* End PBXSourcesBuildPhase section */

/* Begin XCBuildConfiguration section */
		D0F4BDA82AB2627A00A99978 /* Debug */ = {
			isa = XCBuildConfiguration;
			buildSettings = {
				ALWAYS_SEARCH_USER_PATHS = NO;
				CLANG_ANALYZER_NONNULL = YES;
				CLANG_ANALYZER_NUMBER_OBJECT_CONVERSION = YES_AGGRESSIVE;
				CLANG_CXX_LANGUAGE_STANDARD = "gnu++20";
				CLANG_ENABLE_MODULES = YES;
				CLANG_ENABLE_OBJC_ARC = YES;
				CLANG_ENABLE_OBJC_WEAK = YES;
				CLANG_WARN_BLOCK_CAPTURE_AUTORELEASING = YES;
				CLANG_WARN_BOOL_CONVERSION = YES;
				CLANG_WARN_COMMA = YES;
				CLANG_WARN_CONSTANT_CONVERSION = YES;
				CLANG_WARN_DEPRECATED_OBJC_IMPLEMENTATIONS = YES;
				CLANG_WARN_DIRECT_OBJC_ISA_USAGE = YES_ERROR;
				CLANG_WARN_DOCUMENTATION_COMMENTS = YES;
				CLANG_WARN_EMPTY_BODY = YES;
				CLANG_WARN_ENUM_CONVERSION = YES;
				CLANG_WARN_INFINITE_RECURSION = YES;
				CLANG_WARN_INT_CONVERSION = YES;
				CLANG_WARN_NON_LITERAL_NULL_CONVERSION = YES;
				CLANG_WARN_OBJC_IMPLICIT_RETAIN_SELF = YES;
				CLANG_WARN_OBJC_LITERAL_CONVERSION = YES;
				CLANG_WARN_OBJC_ROOT_CLASS = YES_ERROR;
				CLANG_WARN_QUOTED_INCLUDE_IN_FRAMEWORK_HEADER = YES;
				CLANG_WARN_RANGE_LOOP_ANALYSIS = YES;
				CLANG_WARN_STRICT_PROTOTYPES = YES;
				CLANG_WARN_SUSPICIOUS_MOVE = YES;
				CLANG_WARN_UNGUARDED_AVAILABILITY = YES_AGGRESSIVE;
				CLANG_WARN_UNREACHABLE_CODE = YES;
				CLANG_WARN__DUPLICATE_METHOD_MATCH = YES;
				COPY_PHASE_STRIP = NO;
				DEBUG_INFORMATION_FORMAT = dwarf;
				ENABLE_STRICT_OBJC_MSGSEND = YES;
				ENABLE_TESTABILITY = YES;
				GCC_C_LANGUAGE_STANDARD = gnu11;
				GCC_DYNAMIC_NO_PIC = NO;
				GCC_NO_COMMON_BLOCKS = YES;
				GCC_OPTIMIZATION_LEVEL = 0;
				GCC_PREPROCESSOR_DEFINITIONS = (
					"DEBUG=1",
					"$(inherited)",
				);
				GCC_WARN_64_TO_32_BIT_CONVERSION = YES;
				GCC_WARN_ABOUT_RETURN_TYPE = YES_ERROR;
				GCC_WARN_UNDECLARED_SELECTOR = YES;
				GCC_WARN_UNINITIALIZED_AUTOS = YES_AGGRESSIVE;
				GCC_WARN_UNUSED_FUNCTION = YES;
				GCC_WARN_UNUSED_VARIABLE = YES;
				IPHONEOS_DEPLOYMENT_TARGET = 16.4;
				MTL_ENABLE_DEBUG_INFO = INCLUDE_SOURCE;
				MTL_FAST_MATH = YES;
				ONLY_ACTIVE_ARCH = YES;
				SDKROOT = iphoneos;
				SWIFT_ACTIVE_COMPILATION_CONDITIONS = DEBUG;
				SWIFT_OPTIMIZATION_LEVEL = "-Onone";
			};
			name = Debug;
		};
		D0F4BDA92AB2627A00A99978 /* Release */ = {
			isa = XCBuildConfiguration;
			buildSettings = {
				ALWAYS_SEARCH_USER_PATHS = NO;
				CLANG_ANALYZER_NONNULL = YES;
				CLANG_ANALYZER_NUMBER_OBJECT_CONVERSION = YES_AGGRESSIVE;
				CLANG_CXX_LANGUAGE_STANDARD = "gnu++20";
				CLANG_ENABLE_MODULES = YES;
				CLANG_ENABLE_OBJC_ARC = YES;
				CLANG_ENABLE_OBJC_WEAK = YES;
				CLANG_WARN_BLOCK_CAPTURE_AUTORELEASING = YES;
				CLANG_WARN_BOOL_CONVERSION = YES;
				CLANG_WARN_COMMA = YES;
				CLANG_WARN_CONSTANT_CONVERSION = YES;
				CLANG_WARN_DEPRECATED_OBJC_IMPLEMENTATIONS = YES;
				CLANG_WARN_DIRECT_OBJC_ISA_USAGE = YES_ERROR;
				CLANG_WARN_DOCUMENTATION_COMMENTS = YES;
				CLANG_WARN_EMPTY_BODY = YES;
				CLANG_WARN_ENUM_CONVERSION = YES;
				CLANG_WARN_INFINITE_RECURSION = YES;
				CLANG_WARN_INT_CONVERSION = YES;
				CLANG_WARN_NON_LITERAL_NULL_CONVERSION = YES;
				CLANG_WARN_OBJC_IMPLICIT_RETAIN_SELF = YES;
				CLANG_WARN_OBJC_LITERAL_CONVERSION = YES;
				CLANG_WARN_OBJC_ROOT_CLASS = YES_ERROR;
				CLANG_WARN_QUOTED_INCLUDE_IN_FRAMEWORK_HEADER = YES;
				CLANG_WARN_RANGE_LOOP_ANALYSIS = YES;
				CLANG_WARN_STRICT_PROTOTYPES = YES;
				CLANG_WARN_SUSPICIOUS_MOVE = YES;
				CLANG_WARN_UNGUARDED_AVAILABILITY = YES_AGGRESSIVE;
				CLANG_WARN_UNREACHABLE_CODE = YES;
				CLANG_WARN__DUPLICATE_METHOD_MATCH = YES;
				COPY_PHASE_STRIP = NO;
				DEBUG_INFORMATION_FORMAT = "dwarf-with-dsym";
				ENABLE_NS_ASSERTIONS = NO;
				ENABLE_STRICT_OBJC_MSGSEND = YES;
				GCC_C_LANGUAGE_STANDARD = gnu11;
				GCC_NO_COMMON_BLOCKS = YES;
				GCC_WARN_64_TO_32_BIT_CONVERSION = YES;
				GCC_WARN_ABOUT_RETURN_TYPE = YES_ERROR;
				GCC_WARN_UNDECLARED_SELECTOR = YES;
				GCC_WARN_UNINITIALIZED_AUTOS = YES_AGGRESSIVE;
				GCC_WARN_UNUSED_FUNCTION = YES;
				GCC_WARN_UNUSED_VARIABLE = YES;
				IPHONEOS_DEPLOYMENT_TARGET = 16.4;
				MTL_ENABLE_DEBUG_INFO = NO;
				MTL_FAST_MATH = YES;
				SDKROOT = iphoneos;
				SWIFT_COMPILATION_MODE = wholemodule;
				SWIFT_OPTIMIZATION_LEVEL = "-O";
				VALIDATE_PRODUCT = YES;
			};
			name = Release;
		};
		D0F4BDAB2AB2627A00A99978 /* Debug */ = {
			isa = XCBuildConfiguration;
			buildSettings = {
				ASSETCATALOG_COMPILER_APPICON_NAME = AppIcon;
				ASSETCATALOG_COMPILER_GLOBAL_ACCENT_COLOR_NAME = AccentColor;
				CODE_SIGN_STYLE = Automatic;
				CURRENT_PROJECT_VERSION = 1;
				DEVELOPMENT_ASSET_PATHS = "\"SwiftfulThinkingAdvanced/Preview Content\"";
				DEVELOPMENT_TEAM = JRSAMZW6G9;
				ENABLE_PREVIEWS = YES;
				GENERATE_INFOPLIST_FILE = YES;
				INFOPLIST_KEY_UIApplicationSceneManifest_Generation = YES;
				INFOPLIST_KEY_UIApplicationSupportsIndirectInputEvents = YES;
				INFOPLIST_KEY_UILaunchScreen_Generation = YES;
				INFOPLIST_KEY_UISupportedInterfaceOrientations_iPad = "UIInterfaceOrientationPortrait UIInterfaceOrientationPortraitUpsideDown UIInterfaceOrientationLandscapeLeft UIInterfaceOrientationLandscapeRight";
				INFOPLIST_KEY_UISupportedInterfaceOrientations_iPhone = "UIInterfaceOrientationPortrait UIInterfaceOrientationLandscapeLeft UIInterfaceOrientationLandscapeRight";
				IPHONEOS_DEPLOYMENT_TARGET = 16.0;
				LD_RUNPATH_SEARCH_PATHS = (
					"$(inherited)",
					"@executable_path/Frameworks",
				);
				MARKETING_VERSION = 1.0;
				PRODUCT_BUNDLE_IDENTIFIER = com.pavlobezkorovainyi.SwiftfulThinkingAdvanced;
				PRODUCT_NAME = "$(TARGET_NAME)";
				SWIFT_EMIT_LOC_STRINGS = YES;
				SWIFT_VERSION = 5.0;
				TARGETED_DEVICE_FAMILY = "1,2";
			};
			name = Debug;
		};
		D0F4BDAC2AB2627A00A99978 /* Release */ = {
			isa = XCBuildConfiguration;
			buildSettings = {
				ASSETCATALOG_COMPILER_APPICON_NAME = AppIcon;
				ASSETCATALOG_COMPILER_GLOBAL_ACCENT_COLOR_NAME = AccentColor;
				CODE_SIGN_STYLE = Automatic;
				CURRENT_PROJECT_VERSION = 1;
				DEVELOPMENT_ASSET_PATHS = "\"SwiftfulThinkingAdvanced/Preview Content\"";
				DEVELOPMENT_TEAM = JRSAMZW6G9;
				ENABLE_PREVIEWS = YES;
				GENERATE_INFOPLIST_FILE = YES;
				INFOPLIST_KEY_UIApplicationSceneManifest_Generation = YES;
				INFOPLIST_KEY_UIApplicationSupportsIndirectInputEvents = YES;
				INFOPLIST_KEY_UILaunchScreen_Generation = YES;
				INFOPLIST_KEY_UISupportedInterfaceOrientations_iPad = "UIInterfaceOrientationPortrait UIInterfaceOrientationPortraitUpsideDown UIInterfaceOrientationLandscapeLeft UIInterfaceOrientationLandscapeRight";
				INFOPLIST_KEY_UISupportedInterfaceOrientations_iPhone = "UIInterfaceOrientationPortrait UIInterfaceOrientationLandscapeLeft UIInterfaceOrientationLandscapeRight";
				IPHONEOS_DEPLOYMENT_TARGET = 16.0;
				LD_RUNPATH_SEARCH_PATHS = (
					"$(inherited)",
					"@executable_path/Frameworks",
				);
				MARKETING_VERSION = 1.0;
				PRODUCT_BUNDLE_IDENTIFIER = com.pavlobezkorovainyi.SwiftfulThinkingAdvanced;
				PRODUCT_NAME = "$(TARGET_NAME)";
				SWIFT_EMIT_LOC_STRINGS = YES;
				SWIFT_VERSION = 5.0;
				TARGETED_DEVICE_FAMILY = "1,2";
			};
			name = Release;
		};
/* End XCBuildConfiguration section */

/* Begin XCConfigurationList section */
		D0F4BD972AB2627A00A99978 /* Build configuration list for PBXProject "SwiftfulThinkingAdvanced" */ = {
			isa = XCConfigurationList;
			buildConfigurations = (
				D0F4BDA82AB2627A00A99978 /* Debug */,
				D0F4BDA92AB2627A00A99978 /* Release */,
			);
			defaultConfigurationIsVisible = 0;
			defaultConfigurationName = Release;
		};
		D0F4BDAA2AB2627A00A99978 /* Build configuration list for PBXNativeTarget "SwiftfulThinkingAdvanced" */ = {
			isa = XCConfigurationList;
			buildConfigurations = (
				D0F4BDAB2AB2627A00A99978 /* Debug */,
				D0F4BDAC2AB2627A00A99978 /* Release */,
			);
			defaultConfigurationIsVisible = 0;
			defaultConfigurationName = Release;
		};
/* End XCConfigurationList section */
	};
	rootObject = D0F4BD942AB2627A00A99978 /* Project object */;
}
